# This file is autogenerated, do not edit; changes may be undone by the next 'dep ensure'.


[[projects]]
  branch = "master"
  digest = "1:7f56c2eb327a5d366dfe724f15edd266a89d1e2bd53b8ed0c649781517c0d8ad"
  name = "golang.org/x/sys"
  packages = [
    "windows",
    "windows/registry",
  ]
  pruneopts = "UT"
  revision = "70f52985063808f21fd6dd197895cdb9729443a5"

[solve-meta]
  analyzer-name = "dep"
  analyzer-version = 1
  input-imports = ["golang.org/x/sys/windows/registry"]
  solver-name = "gps-cdcl"
  solver-version = 1
